
Microsoft Visual Studio Solution File, Format Version 12.00
# Visual Studio 15
VisualStudioVersion = 15.0.27703.2047
MinimumVisualStudioVersion = 10.0.40219.1
Project("{FAE04EC0-301F-11D3-BF4B-00C04F79EFBC}") = "AutomatedTellerMachine", "AutomatedTellerMachine\AutomatedTellerMachine.csproj", "{D6F4C303-F2FB-40B9-9453-1D1F231A54CD}"
EndProject
Project("{FAE04EC0-301F-11D3-BF4B-00C04F79EFBC}") = "AutomatedTellerMachine.Tests", "AutomatedTellerMachine.Tests\AutomatedTellerMachine.Tests.csproj", "{B1CE3658-2E05-42AF-BE9C-597204C5174F}"
EndProject
Global
	GlobalSection(SolutionConfigurationPlatforms) = preSolution
		Debug|Any CPU = Debug|Any CPU
		Release|Any CPU = Release|Any CPU
	EndGlobalSection
	GlobalSection(ProjectConfigurationPlatforms) = postSolution
		{D6F4C303-F2FB-40B9-9453-1D1F231A54CD}.Debug|Any CPU.ActiveCfg = Debug|Any CPU
		{D6F4C303-F2FB-40B9-9453-1D1F231A54CD}.Debug|Any CPU.Build.0 = Debug|Any CPU
		{D6F4C303-F2FB-40B9-9453-1D1F231A54CD}.Release|Any CPU.ActiveCfg = Release|Any CPU
		{D6F4C303-F2FB-40B9-9453-1D1F231A54CD}.Release|Any CPU.Build.0 = Release|Any CPU
		{B1CE3658-2E05-42AF-BE9C-597204C5174F}.Debug|Any CPU.ActiveCfg = Debug|Any CPU
		{B1CE3658-2E05-42AF-BE9C-597204C5174F}.Debug|Any CPU.Build.0 = Debug|Any CPU
		{B1CE3658-2E05-42AF-BE9C-597204C5174F}.Release|Any CPU.ActiveCfg = Release|Any CPU
		{B1CE3658-2E05-42AF-BE9C-597204C5174F}.Release|Any CPU.Build.0 = Release|Any CPU
	EndGlobalSection
	GlobalSection(SolutionProperties) = preSolution
		HideSolutionNode = FALSE
	EndGlobalSection
	GlobalSection(ExtensibilityGlobals) = postSolution
		SolutionGuid = {A7625F6D-A25F-4B4E-8636-0A08548DFF76}
	EndGlobalSection
EndGlobal
